
Microsoft Visual Studio Solution File, Format Version 12.00
# Visual Studio Version 16
VisualStudioVersion = 16.0.31129.286
MinimumVisualStudioVersion = 10.0.40219.1
Project("{FAE04EC0-301F-11D3-BF4B-00C04F79EFBC}") = "BENET", "BENET\BENET.csproj", "{6A42B772-4D19-45B0-88E2-60D8AD892745}"
EndProject
Global
	GlobalSection(SolutionConfigurationPlatforms) = preSolution
		Debug|Any CPU = Debug|Any CPU
		Release|Any CPU = Release|Any CPU
	EndGlobalSection
	GlobalSection(ProjectConfigurationPlatforms) = postSolution
		{6A42B772-4D19-45B0-88E2-60D8AD892745}.Debug|Any CPU.ActiveCfg = Debug|Any CPU
		{6A42B772-4D19-45B0-88E2-60D8AD892745}.Debug|Any CPU.Build.0 = Debug|Any CPU
		{6A42B772-4D19-45B0-88E2-60D8AD892745}.Release|Any CPU.ActiveCfg = Release|Any CPU
		{6A42B772-4D19-45B0-88E2-60D8AD892745}.Release|Any CPU.Build.0 = Release|Any CPU
	EndGlobalSection
	GlobalSection(SolutionProperties) = preSolution
		HideSolutionNode = FALSE
	EndGlobalSection
	GlobalSection(ExtensibilityGlobals) = postSolution
		SolutionGuid = {AC971089-BD60-4BF1-8C7A-3B7DEA69D966}
	EndGlobalSection
EndGlobal
